// !$*UTF8*$!
{
	archiveVersion = 1;
	classes = {
	};
	objectVersion = 56;
	objects = {

/* Begin PBXBuildFile section */
		F05C592D2D2EAABE001A137C /* Room.swift in Sources */ = {isa = PBXBuildFile; fileRef = F05C592C2D2EAABE001A137C /* Room.swift */; };
		F05C59302D2EABEB001A137C /* RoomAssignmentManager.swift in Sources */ = {isa = PBXBuildFile; fileRef = F05C592E2D2EABEB001A137C /* RoomAssignmentManager.swift */; };
		F05C59312D2EABEB001A137C /* RoomAssignment.swift in Sources */ = {isa = PBXBuildFile; fileRef = F05C592F2D2EABEB001A137C /* RoomAssignment.swift */; };
		F05C59332D2EAD30001A137C /* RoomTask.swift in Sources */ = {isa = PBXBuildFile; fileRef = F05C59322D2EAD30001A137C /* RoomTask.swift */; };
		F05C59362D2EAD3D001A137C /* RoomTasksView.swift in Sources */ = {isa = PBXBuildFile; fileRef = F05C59342D2EAD3D001A137C /* RoomTasksView.swift */; };
		F05C59372D2EAD3D001A137C /* AddRoomView.swift in Sources */ = {isa = PBXBuildFile; fileRef = F05C59352D2EAD3D001A137C /* AddRoomView.swift */; };
		F05C593B2D2EAFEE001A137C /* RoomType.swift in Sources */ = {isa = PBXBuildFile; fileRef = F05C59382D2EAFED001A137C /* RoomType.swift */; };
		F05C593C2D2EAFEE001A137C /* User.swift in Sources */ = {isa = PBXBuildFile; fileRef = F05C59392D2EAFED001A137C /* User.swift */; };
		F05C593D2D2EAFEE001A137C /* Collective.swift in Sources */ = {isa = PBXBuildFile; fileRef = F05C593A2D2EAFED001A137C /* Collective.swift */; };
		F05C593F2D2EB22B001A137C /* AddMemberView.swift in Sources */ = {isa = PBXBuildFile; fileRef = F05C593E2D2EB22B001A137C /* AddMemberView.swift */; };
		F05C59412D2EB3CC001A137C /* CreateCollectiveView.swift in Sources */ = {isa = PBXBuildFile; fileRef = F05C59402D2EB3CC001A137C /* CreateCollectiveView.swift */; };
		F05C59432D2EB646001A137C /* Invitation.swift in Sources */ = {isa = PBXBuildFile; fileRef = F05C59422D2EB646001A137C /* Invitation.swift */; };
		F05C59462D2EC327001A137C /* JoinCollectiveView.swift in Sources */ = {isa = PBXBuildFile; fileRef = F05C59442D2EC327001A137C /* JoinCollectiveView.swift */; };
		F05C59472D2EC327001A137C /* WelcomeView.swift in Sources */ = {isa = PBXBuildFile; fileRef = F05C59452D2EC327001A137C /* WelcomeView.swift */; };
		F05C59492D2EC58F001A137C /* CreateOrJoinCollectiveView.swift in Sources */ = {isa = PBXBuildFile; fileRef = F05C59482D2EC58E001A137C /* CreateOrJoinCollectiveView.swift */; };
		F06CB0762D2DB062008B3945 /* KollektivApp.swift in Sources */ = {isa = PBXBuildFile; fileRef = F06CB0752D2DB062008B3945 /* KollektivApp.swift */; };
		F06CB0782D2DB062008B3945 /* ContentView.swift in Sources */ = {isa = PBXBuildFile; fileRef = F06CB0772D2DB062008B3945 /* ContentView.swift */; };
		F06CB07A2D2DB065008B3945 /* Assets.xcassets in Resources */ = {isa = PBXBuildFile; fileRef = F06CB0792D2DB065008B3945 /* Assets.xcassets */; };
		F06CB07D2D2DB065008B3945 /* Preview Assets.xcassets in Resources */ = {isa = PBXBuildFile; fileRef = F06CB07C2D2DB065008B3945 /* Preview Assets.xcassets */; };
		F06CB0872D2DB065008B3945 /* KollektivTests.swift in Sources */ = {isa = PBXBuildFile; fileRef = F06CB0862D2DB065008B3945 /* KollektivTests.swift */; };
		F06CB0912D2DB065008B3945 /* KollektivUITests.swift in Sources */ = {isa = PBXBuildFile; fileRef = F06CB0902D2DB065008B3945 /* KollektivUITests.swift */; };
		F06CB0932D2DB065008B3945 /* KollektivUITestsLaunchTests.swift in Sources */ = {isa = PBXBuildFile; fileRef = F06CB0922D2DB065008B3945 /* KollektivUITestsLaunchTests.swift */; };
		F06CB0A72D2DB17F008B3945 /* ShoppingListView.swift in Sources */ = {isa = PBXBuildFile; fileRef = F06CB0A02D2DB17F008B3945 /* ShoppingListView.swift */; };
		F06CB0A82D2DB17F008B3945 /* ProfileView.swift in Sources */ = {isa = PBXBuildFile; fileRef = F06CB0A12D2DB17F008B3945 /* ProfileView.swift */; };
		F06CB0A92D2DB17F008B3945 /* CollectiveView.swift in Sources */ = {isa = PBXBuildFile; fileRef = F06CB0A22D2DB17F008B3945 /* CollectiveView.swift */; };
		F06CB0AA2D2DB17F008B3945 /* TasksView.swift in Sources */ = {isa = PBXBuildFile; fileRef = F06CB0A32D2DB17F008B3945 /* TasksView.swift */; };
		F06CB0AB2D2DB17F008B3945 /* ShoppingItem.swift in Sources */ = {isa = PBXBuildFile; fileRef = F06CB0A52D2DB17F008B3945 /* ShoppingItem.swift */; };
		F06CB0AC2D2DB17F008B3945 /* Task.swift in Sources */ = {isa = PBXBuildFile; fileRef = F06CB0A62D2DB17F008B3945 /* Task.swift */; };
		F06CB0AE2D2DB367008B3945 /* TaskFilter.swift in Sources */ = {isa = PBXBuildFile; fileRef = F06CB0AD2D2DB367008B3945 /* TaskFilter.swift */; };
		F06CB0B02D2DB428008B3945 /* TaskCategory.swift in Sources */ = {isa = PBXBuildFile; fileRef = F06CB0AF2D2DB428008B3945 /* TaskCategory.swift */; };
/* End PBXBuildFile section */

/* Begin PBXContainerItemProxy section */
		F06CB0832D2DB065008B3945 /* PBXContainerItemProxy */ = {
			isa = PBXContainerItemProxy;
			containerPortal = F06CB06A2D2DB062008B3945 /* Project object */;
			proxyType = 1;
			remoteGlobalIDString = F06CB0712D2DB062008B3945;
			remoteInfo = Kollektiv;
		};
		F06CB08D2D2DB065008B3945 /* PBXContainerItemProxy */ = {
			isa = PBXContainerItemProxy;
			containerPortal = F06CB06A2D2DB062008B3945 /* Project object */;
			proxyType = 1;
			remoteGlobalIDString = F06CB0712D2DB062008B3945;
			remoteInfo = Kollektiv;
		};
/* End PBXContainerItemProxy section */

/* Begin PBXFileReference section */
		F05C592C2D2EAABE001A137C /* Room.swift */ = {isa = PBXFileReference; fileEncoding = 4; lastKnownFileType = sourcecode.swift; path = Room.swift; sourceTree = "<group>"; };
		F05C592E2D2EABEB001A137C /* RoomAssignmentManager.swift */ = {isa = PBXFileReference; fileEncoding = 4; lastKnownFileType = sourcecode.swift; path = RoomAssignmentManager.swift; sourceTree = "<group>"; };
		F05C592F2D2EABEB001A137C /* RoomAssignment.swift */ = {isa = PBXFileReference; fileEncoding = 4; lastKnownFileType = sourcecode.swift; path = RoomAssignment.swift; sourceTree = "<group>"; };
		F05C59322D2EAD30001A137C /* RoomTask.swift */ = {isa = PBXFileReference; fileEncoding = 4; lastKnownFileType = sourcecode.swift; path = RoomTask.swift; sourceTree = "<group>"; };
		F05C59342D2EAD3D001A137C /* RoomTasksView.swift */ = {isa = PBXFileReference; fileEncoding = 4; lastKnownFileType = sourcecode.swift; path = RoomTasksView.swift; sourceTree = "<group>"; };
		F05C59352D2EAD3D001A137C /* AddRoomView.swift */ = {isa = PBXFileReference; fileEncoding = 4; lastKnownFileType = sourcecode.swift; path = AddRoomView.swift; sourceTree = "<group>"; };
		F05C59382D2EAFED001A137C /* RoomType.swift */ = {isa = PBXFileReference; fileEncoding = 4; lastKnownFileType = sourcecode.swift; path = RoomType.swift; sourceTree = "<group>"; };
		F05C59392D2EAFED001A137C /* User.swift */ = {isa = PBXFileReference; fileEncoding = 4; lastKnownFileType = sourcecode.swift; path = User.swift; sourceTree = "<group>"; };
		F05C593A2D2EAFED001A137C /* Collective.swift */ = {isa = PBXFileReference; fileEncoding = 4; lastKnownFileType = sourcecode.swift; path = Collective.swift; sourceTree = "<group>"; };
		F05C593E2D2EB22B001A137C /* AddMemberView.swift */ = {isa = PBXFileReference; fileEncoding = 4; lastKnownFileType = sourcecode.swift; path = AddMemberView.swift; sourceTree = "<group>"; };
		F05C59402D2EB3CC001A137C /* CreateCollectiveView.swift */ = {isa = PBXFileReference; fileEncoding = 4; lastKnownFileType = sourcecode.swift; path = CreateCollectiveView.swift; sourceTree = "<group>"; };
		F05C59422D2EB646001A137C /* Invitation.swift */ = {isa = PBXFileReference; fileEncoding = 4; lastKnownFileType = sourcecode.swift; path = Invitation.swift; sourceTree = "<group>"; };
		F05C59442D2EC327001A137C /* JoinCollectiveView.swift */ = {isa = PBXFileReference; fileEncoding = 4; lastKnownFileType = sourcecode.swift; path = JoinCollectiveView.swift; sourceTree = "<group>"; };
		F05C59452D2EC327001A137C /* WelcomeView.swift */ = {isa = PBXFileReference; fileEncoding = 4; lastKnownFileType = sourcecode.swift; path = WelcomeView.swift; sourceTree = "<group>"; };
		F05C59482D2EC58E001A137C /* CreateOrJoinCollectiveView.swift */ = {isa = PBXFileReference; fileEncoding = 4; lastKnownFileType = sourcecode.swift; path = CreateOrJoinCollectiveView.swift; sourceTree = "<group>"; };
		F06CB0722D2DB062008B3945 /* Kollektiv.app */ = {isa = PBXFileReference; explicitFileType = wrapper.application; includeInIndex = 0; path = Kollektiv.app; sourceTree = BUILT_PRODUCTS_DIR; };
		F06CB0752D2DB062008B3945 /* KollektivApp.swift */ = {isa = PBXFileReference; lastKnownFileType = sourcecode.swift; path = KollektivApp.swift; sourceTree = "<group>"; };
		F06CB0772D2DB062008B3945 /* ContentView.swift */ = {isa = PBXFileReference; lastKnownFileType = sourcecode.swift; path = ContentView.swift; sourceTree = "<group>"; };
		F06CB0792D2DB065008B3945 /* Assets.xcassets */ = {isa = PBXFileReference; lastKnownFileType = folder.assetcatalog; path = Assets.xcassets; sourceTree = "<group>"; };
		F06CB07C2D2DB065008B3945 /* Preview Assets.xcassets */ = {isa = PBXFileReference; lastKnownFileType = folder.assetcatalog; path = "Preview Assets.xcassets"; sourceTree = "<group>"; };
		F06CB0822D2DB065008B3945 /* KollektivTests.xctest */ = {isa = PBXFileReference; explicitFileType = wrapper.cfbundle; includeInIndex = 0; path = KollektivTests.xctest; sourceTree = BUILT_PRODUCTS_DIR; };
		F06CB0862D2DB065008B3945 /* KollektivTests.swift */ = {isa = PBXFileReference; lastKnownFileType = sourcecode.swift; path = KollektivTests.swift; sourceTree = "<group>"; };
		F06CB08C2D2DB065008B3945 /* KollektivUITests.xctest */ = {isa = PBXFileReference; explicitFileType = wrapper.cfbundle; includeInIndex = 0; path = KollektivUITests.xctest; sourceTree = BUILT_PRODUCTS_DIR; };
		F06CB0902D2DB065008B3945 /* KollektivUITests.swift */ = {isa = PBXFileReference; lastKnownFileType = sourcecode.swift; path = KollektivUITests.swift; sourceTree = "<group>"; };
		F06CB0922D2DB065008B3945 /* KollektivUITestsLaunchTests.swift */ = {isa = PBXFileReference; lastKnownFileType = sourcecode.swift; path = KollektivUITestsLaunchTests.swift; sourceTree = "<group>"; };
		F06CB0A02D2DB17F008B3945 /* ShoppingListView.swift */ = {isa = PBXFileReference; fileEncoding = 4; lastKnownFileType = sourcecode.swift; path = ShoppingListView.swift; sourceTree = "<group>"; };
		F06CB0A12D2DB17F008B3945 /* ProfileView.swift */ = {isa = PBXFileReference; fileEncoding = 4; lastKnownFileType = sourcecode.swift; path = ProfileView.swift; sourceTree = "<group>"; };
		F06CB0A22D2DB17F008B3945 /* CollectiveView.swift */ = {isa = PBXFileReference; fileEncoding = 4; lastKnownFileType = sourcecode.swift; path = CollectiveView.swift; sourceTree = "<group>"; };
		F06CB0A32D2DB17F008B3945 /* TasksView.swift */ = {isa = PBXFileReference; fileEncoding = 4; lastKnownFileType = sourcecode.swift; path = TasksView.swift; sourceTree = "<group>"; };
		F06CB0A52D2DB17F008B3945 /* ShoppingItem.swift */ = {isa = PBXFileReference; fileEncoding = 4; lastKnownFileType = sourcecode.swift; path = ShoppingItem.swift; sourceTree = "<group>"; };
		F06CB0A62D2DB17F008B3945 /* Task.swift */ = {isa = PBXFileReference; fileEncoding = 4; lastKnownFileType = sourcecode.swift; path = Task.swift; sourceTree = "<group>"; };
		F06CB0AD2D2DB367008B3945 /* TaskFilter.swift */ = {isa = PBXFileReference; fileEncoding = 4; lastKnownFileType = sourcecode.swift; path = TaskFilter.swift; sourceTree = "<group>"; };
		F06CB0AF2D2DB428008B3945 /* TaskCategory.swift */ = {isa = PBXFileReference; fileEncoding = 4; lastKnownFileType = sourcecode.swift; path = TaskCategory.swift; sourceTree = "<group>"; };
/* End PBXFileReference section */

/* Begin PBXFrameworksBuildPhase section */
		F06CB06F2D2DB062008B3945 /* Frameworks */ = {
			isa = PBXFrameworksBuildPhase;
			buildActionMask = 2147483647;
			files = (
			);
			runOnlyForDeploymentPostprocessing = 0;
		};
		F06CB07F2D2DB065008B3945 /* Frameworks */ = {
			isa = PBXFrameworksBuildPhase;
			buildActionMask = 2147483647;
			files = (
			);
			runOnlyForDeploymentPostprocessing = 0;
		};
		F06CB0892D2DB065008B3945 /* Frameworks */ = {
			isa = PBXFrameworksBuildPhase;
			buildActionMask = 2147483647;
			files = (
			);
			runOnlyForDeploymentPostprocessing = 0;
		};
/* End PBXFrameworksBuildPhase section */

/* Begin PBXGroup section */
		F06CB0692D2DB062008B3945 = {
			isa = PBXGroup;
			children = (
				F06CB0742D2DB062008B3945 /* Kollektiv */,
				F06CB0852D2DB065008B3945 /* KollektivTests */,
				F06CB08F2D2DB065008B3945 /* KollektivUITests */,
				F06CB0732D2DB062008B3945 /* Products */,
			);
			sourceTree = "<group>";
		};
		F06CB0732D2DB062008B3945 /* Products */ = {
			isa = PBXGroup;
			children = (
				F06CB0722D2DB062008B3945 /* Kollektiv.app */,
				F06CB0822D2DB065008B3945 /* KollektivTests.xctest */,
				F06CB08C2D2DB065008B3945 /* KollektivUITests.xctest */,
			);
			name = Products;
			sourceTree = "<group>";
		};
		F06CB0742D2DB062008B3945 /* Kollektiv */ = {
			isa = PBXGroup;
			children = (
				F06CB0A42D2DB17F008B3945 /* Models */,
				F06CB09F2D2DB17F008B3945 /* Views */,
				F06CB0752D2DB062008B3945 /* KollektivApp.swift */,
				F06CB0772D2DB062008B3945 /* ContentView.swift */,
				F06CB0792D2DB065008B3945 /* Assets.xcassets */,
				F06CB07B2D2DB065008B3945 /* Preview Content */,
			);
			path = Kollektiv;
			sourceTree = "<group>";
		};
		F06CB07B2D2DB065008B3945 /* Preview Content */ = {
			isa = PBXGroup;
			children = (
				F06CB07C2D2DB065008B3945 /* Preview Assets.xcassets */,
			);
			path = "Preview Content";
			sourceTree = "<group>";
		};
		F06CB0852D2DB065008B3945 /* KollektivTests */ = {
			isa = PBXGroup;
			children = (
				F06CB0862D2DB065008B3945 /* KollektivTests.swift */,
			);
			path = KollektivTests;
			sourceTree = "<group>";
		};
		F06CB08F2D2DB065008B3945 /* KollektivUITests */ = {
			isa = PBXGroup;
			children = (
				F06CB0902D2DB065008B3945 /* KollektivUITests.swift */,
				F06CB0922D2DB065008B3945 /* KollektivUITestsLaunchTests.swift */,
			);
			path = KollektivUITests;
			sourceTree = "<group>";
		};
		F06CB09F2D2DB17F008B3945 /* Views */ = {
			isa = PBXGroup;
			children = (
				F05C59482D2EC58E001A137C /* CreateOrJoinCollectiveView.swift */,
				F05C59442D2EC327001A137C /* JoinCollectiveView.swift */,
				F05C59452D2EC327001A137C /* WelcomeView.swift */,
				F05C59402D2EB3CC001A137C /* CreateCollectiveView.swift */,
				F05C593E2D2EB22B001A137C /* AddMemberView.swift */,
				F05C59352D2EAD3D001A137C /* AddRoomView.swift */,
				F05C59342D2EAD3D001A137C /* RoomTasksView.swift */,
				F06CB0A02D2DB17F008B3945 /* ShoppingListView.swift */,
				F06CB0A12D2DB17F008B3945 /* ProfileView.swift */,
				F06CB0A22D2DB17F008B3945 /* CollectiveView.swift */,
				F06CB0A32D2DB17F008B3945 /* TasksView.swift */,
			);
			path = Views;
			sourceTree = "<group>";
		};
		F06CB0A42D2DB17F008B3945 /* Models */ = {
			isa = PBXGroup;
			children = (
				F05C59422D2EB646001A137C /* Invitation.swift */,
				F05C593A2D2EAFED001A137C /* Collective.swift */,
				F05C59382D2EAFED001A137C /* RoomType.swift */,
				F05C59392D2EAFED001A137C /* User.swift */,
				F05C59322D2EAD30001A137C /* RoomTask.swift */,
				F05C592F2D2EABEB001A137C /* RoomAssignment.swift */,
				F05C592E2D2EABEB001A137C /* RoomAssignmentManager.swift */,
				F05C592C2D2EAABE001A137C /* Room.swift */,
				F06CB0AF2D2DB428008B3945 /* TaskCategory.swift */,
				F06CB0AD2D2DB367008B3945 /* TaskFilter.swift */,
				F06CB0A52D2DB17F008B3945 /* ShoppingItem.swift */,
				F06CB0A62D2DB17F008B3945 /* Task.swift */,
			);
			path = Models;
			sourceTree = "<group>";
		};
/* End PBXGroup section */

/* Begin PBXNativeTarget section */
		F06CB0712D2DB062008B3945 /* Kollektiv */ = {
			isa = PBXNativeTarget;
			buildConfigurationList = F06CB0962D2DB065008B3945 /* Build configuration list for PBXNativeTarget "Kollektiv" */;
			buildPhases = (
				F06CB06E2D2DB062008B3945 /* Sources */,
				F06CB06F2D2DB062008B3945 /* Frameworks */,
				F06CB0702D2DB062008B3945 /* Resources */,
			);
			buildRules = (
			);
			dependencies = (
			);
			name = Kollektiv;
			productName = Kollektiv;
			productReference = F06CB0722D2DB062008B3945 /* Kollektiv.app */;
			productType = "com.apple.product-type.application";
		};
		F06CB0812D2DB065008B3945 /* KollektivTests */ = {
			isa = PBXNativeTarget;
			buildConfigurationList = F06CB0992D2DB065008B3945 /* Build configuration list for PBXNativeTarget "KollektivTests" */;
			buildPhases = (
				F06CB07E2D2DB065008B3945 /* Sources */,
				F06CB07F2D2DB065008B3945 /* Frameworks */,
				F06CB0802D2DB065008B3945 /* Resources */,
			);
			buildRules = (
			);
			dependencies = (
				F06CB0842D2DB065008B3945 /* PBXTargetDependency */,
			);
			name = KollektivTests;
			productName = KollektivTests;
			productReference = F06CB0822D2DB065008B3945 /* KollektivTests.xctest */;
			productType = "com.apple.product-type.bundle.unit-test";
		};
		F06CB08B2D2DB065008B3945 /* KollektivUITests */ = {
			isa = PBXNativeTarget;
			buildConfigurationList = F06CB09C2D2DB065008B3945 /* Build configuration list for PBXNativeTarget "KollektivUITests" */;
			buildPhases = (
				F06CB0882D2DB065008B3945 /* Sources */,
				F06CB0892D2DB065008B3945 /* Frameworks */,
				F06CB08A2D2DB065008B3945 /* Resources */,
			);
			buildRules = (
			);
			dependencies = (
				F06CB08E2D2DB065008B3945 /* PBXTargetDependency */,
			);
			name = KollektivUITests;
			productName = KollektivUITests;
			productReference = F06CB08C2D2DB065008B3945 /* KollektivUITests.xctest */;
			productType = "com.apple.product-type.bundle.ui-testing";
		};
/* End PBXNativeTarget section */

/* Begin PBXProject section */
		F06CB06A2D2DB062008B3945 /* Project object */ = {
			isa = PBXProject;
			attributes = {
				BuildIndependentTargetsInParallel = 1;
				LastSwiftUpdateCheck = 1420;
				LastUpgradeCheck = 1420;
				TargetAttributes = {
					F06CB0712D2DB062008B3945 = {
						CreatedOnToolsVersion = 14.2;
					};
					F06CB0812D2DB065008B3945 = {
						CreatedOnToolsVersion = 14.2;
						TestTargetID = F06CB0712D2DB062008B3945;
					};
					F06CB08B2D2DB065008B3945 = {
						CreatedOnToolsVersion = 14.2;
						TestTargetID = F06CB0712D2DB062008B3945;
					};
				};
			};
			buildConfigurationList = F06CB06D2D2DB062008B3945 /* Build configuration list for PBXProject "Kollektiv" */;
			compatibilityVersion = "Xcode 14.0";
			developmentRegion = en;
			hasScannedForEncodings = 0;
			knownRegions = (
				en,
				Base,
			);
			mainGroup = F06CB0692D2DB062008B3945;
			productRefGroup = F06CB0732D2DB062008B3945 /* Products */;
			projectDirPath = "";
			projectRoot = "";
			targets = (
				F06CB0712D2DB062008B3945 /* Kollektiv */,
				F06CB0812D2DB065008B3945 /* KollektivTests */,
				F06CB08B2D2DB065008B3945 /* KollektivUITests */,
			);
		};
/* End PBXProject section */

/* Begin PBXResourcesBuildPhase section */
		F06CB0702D2DB062008B3945 /* Resources */ = {
			isa = PBXResourcesBuildPhase;
			buildActionMask = 2147483647;
			files = (
				F06CB07D2D2DB065008B3945 /* Preview Assets.xcassets in Resources */,
				F06CB07A2D2DB065008B3945 /* Assets.xcassets in Resources */,
			);
			runOnlyForDeploymentPostprocessing = 0;
		};
		F06CB0802D2DB065008B3945 /* Resources */ = {
			isa = PBXResourcesBuildPhase;
			buildActionMask = 2147483647;
			files = (
			);
			runOnlyForDeploymentPostprocessing = 0;
		};
		F06CB08A2D2DB065008B3945 /* Resources */ = {
			isa = PBXResourcesBuildPhase;
			buildActionMask = 2147483647;
			files = (
			);
			runOnlyForDeploymentPostprocessing = 0;
		};
/* End PBXResourcesBuildPhase section */

/* Begin PBXSourcesBuildPhase section */
		F06CB06E2D2DB062008B3945 /* Sources */ = {
			isa = PBXSourcesBuildPhase;
			buildActionMask = 2147483647;
			files = (
				F06CB0B02D2DB428008B3945 /* TaskCategory.swift in Sources */,
				F06CB0AC2D2DB17F008B3945 /* Task.swift in Sources */,
				F06CB0A82D2DB17F008B3945 /* ProfileView.swift in Sources */,
				F06CB0AA2D2DB17F008B3945 /* TasksView.swift in Sources */,
				F05C59462D2EC327001A137C /* JoinCollectiveView.swift in Sources */,
				F05C59412D2EB3CC001A137C /* CreateCollectiveView.swift in Sources */,
				F06CB0A92D2DB17F008B3945 /* CollectiveView.swift in Sources */,
				F05C593B2D2EAFEE001A137C /* RoomType.swift in Sources */,
				F05C593F2D2EB22B001A137C /* AddMemberView.swift in Sources */,
				F05C59432D2EB646001A137C /* Invitation.swift in Sources */,
				F05C593D2D2EAFEE001A137C /* Collective.swift in Sources */,
				F06CB0AE2D2DB367008B3945 /* TaskFilter.swift in Sources */,
				F05C59312D2EABEB001A137C /* RoomAssignment.swift in Sources */,
				F06CB0A72D2DB17F008B3945 /* ShoppingListView.swift in Sources */,
				F05C59302D2EABEB001A137C /* RoomAssignmentManager.swift in Sources */,
				F05C59362D2EAD3D001A137C /* RoomTasksView.swift in Sources */,
				F05C59332D2EAD30001A137C /* RoomTask.swift in Sources */,
				F06CB0AB2D2DB17F008B3945 /* ShoppingItem.swift in Sources */,
				F06CB0782D2DB062008B3945 /* ContentView.swift in Sources */,
				F05C59472D2EC327001A137C /* WelcomeView.swift in Sources */,
				F05C593C2D2EAFEE001A137C /* User.swift in Sources */,
				F05C59372D2EAD3D001A137C /* AddRoomView.swift in Sources */,
				F06CB0762D2DB062008B3945 /* KollektivApp.swift in Sources */,
				F05C592D2D2EAABE001A137C /* Room.swift in Sources */,
				F05C59492D2EC58F001A137C /* CreateOrJoinCollectiveView.swift in Sources */,
			);
			runOnlyForDeploymentPostprocessing = 0;
		};
		F06CB07E2D2DB065008B3945 /* Sources */ = {
			isa = PBXSourcesBuildPhase;
			buildActionMask = 2147483647;
			files = (
				F06CB0872D2DB065008B3945 /* KollektivTests.swift in Sources */,
			);
			runOnlyForDeploymentPostprocessing = 0;
		};
		F06CB0882D2DB065008B3945 /* Sources */ = {
			isa = PBXSourcesBuildPhase;
			buildActionMask = 2147483647;
			files = (
				F06CB0932D2DB065008B3945 /* KollektivUITestsLaunchTests.swift in Sources */,
				F06CB0912D2DB065008B3945 /* KollektivUITests.swift in Sources */,
			);
			runOnlyForDeploymentPostprocessing = 0;
		};
/* End PBXSourcesBuildPhase section */

/* Begin PBXTargetDependency section */
		F06CB0842D2DB065008B3945 /* PBXTargetDependency */ = {
			isa = PBXTargetDependency;
			target = F06CB0712D2DB062008B3945 /* Kollektiv */;
			targetProxy = F06CB0832D2DB065008B3945 /* PBXContainerItemProxy */;
		};
		F06CB08E2D2DB065008B3945 /* PBXTargetDependency */ = {
			isa = PBXTargetDependency;
			target = F06CB0712D2DB062008B3945 /* Kollektiv */;
			targetProxy = F06CB08D2D2DB065008B3945 /* PBXContainerItemProxy */;
		};
/* End PBXTargetDependency section */

/* Begin XCBuildConfiguration section */
		F06CB0942D2DB065008B3945 /* Debug */ = {
			isa = XCBuildConfiguration;
			buildSettings = {
				ALWAYS_SEARCH_USER_PATHS = NO;
				CLANG_ANALYZER_NONNULL = YES;
				CLANG_ANALYZER_NUMBER_OBJECT_CONVERSION = YES_AGGRESSIVE;
				CLANG_CXX_LANGUAGE_STANDARD = "gnu++20";
				CLANG_ENABLE_MODULES = YES;
				CLANG_ENABLE_OBJC_ARC = YES;
				CLANG_ENABLE_OBJC_WEAK = YES;
				CLANG_WARN_BLOCK_CAPTURE_AUTORELEASING = YES;
				CLANG_WARN_BOOL_CONVERSION = YES;
				CLANG_WARN_COMMA = YES;
				CLANG_WARN_CONSTANT_CONVERSION = YES;
				CLANG_WARN_DEPRECATED_OBJC_IMPLEMENTATIONS = YES;
				CLANG_WARN_DIRECT_OBJC_ISA_USAGE = YES_ERROR;
				CLANG_WARN_DOCUMENTATION_COMMENTS = YES;
				CLANG_WARN_EMPTY_BODY = YES;
				CLANG_WARN_ENUM_CONVERSION = YES;
				CLANG_WARN_INFINITE_RECURSION = YES;
				CLANG_WARN_INT_CONVERSION = YES;
				CLANG_WARN_NON_LITERAL_NULL_CONVERSION = YES;
				CLANG_WARN_OBJC_IMPLICIT_RETAIN_SELF = YES;
				CLANG_WARN_OBJC_LITERAL_CONVERSION = YES;
				CLANG_WARN_OBJC_ROOT_CLASS = YES_ERROR;
				CLANG_WARN_QUOTED_INCLUDE_IN_FRAMEWORK_HEADER = YES;
				CLANG_WARN_RANGE_LOOP_ANALYSIS = YES;
				CLANG_WARN_STRICT_PROTOTYPES = YES;
				CLANG_WARN_SUSPICIOUS_MOVE = YES;
				CLANG_WARN_UNGUARDED_AVAILABILITY = YES_AGGRESSIVE;
				CLANG_WARN_UNREACHABLE_CODE = YES;
				CLANG_WARN__DUPLICATE_METHOD_MATCH = YES;
				COPY_PHASE_STRIP = NO;
				DEBUG_INFORMATION_FORMAT = dwarf;
				ENABLE_STRICT_OBJC_MSGSEND = YES;
				ENABLE_TESTABILITY = YES;
				GCC_C_LANGUAGE_STANDARD = gnu11;
				GCC_DYNAMIC_NO_PIC = NO;
				GCC_NO_COMMON_BLOCKS = YES;
				GCC_OPTIMIZATION_LEVEL = 0;
				GCC_PREPROCESSOR_DEFINITIONS = (
					"DEBUG=1",
					"$(inherited)",
				);
				GCC_WARN_64_TO_32_BIT_CONVERSION = YES;
				GCC_WARN_ABOUT_RETURN_TYPE = YES_ERROR;
				GCC_WARN_UNDECLARED_SELECTOR = YES;
				GCC_WARN_UNINITIALIZED_AUTOS = YES_AGGRESSIVE;
				GCC_WARN_UNUSED_FUNCTION = YES;
				GCC_WARN_UNUSED_VARIABLE = YES;
				IPHONEOS_DEPLOYMENT_TARGET = 16.2;
				MTL_ENABLE_DEBUG_INFO = INCLUDE_SOURCE;
				MTL_FAST_MATH = YES;
				ONLY_ACTIVE_ARCH = YES;
				SDKROOT = iphoneos;
				SWIFT_ACTIVE_COMPILATION_CONDITIONS = DEBUG;
				SWIFT_OPTIMIZATION_LEVEL = "-Onone";
			};
			name = Debug;
		};
		F06CB0952D2DB065008B3945 /* Release */ = {
			isa = XCBuildConfiguration;
			buildSettings = {
				ALWAYS_SEARCH_USER_PATHS = NO;
				CLANG_ANALYZER_NONNULL = YES;
				CLANG_ANALYZER_NUMBER_OBJECT_CONVERSION = YES_AGGRESSIVE;
				CLANG_CXX_LANGUAGE_STANDARD = "gnu++20";
				CLANG_ENABLE_MODULES = YES;
				CLANG_ENABLE_OBJC_ARC = YES;
				CLANG_ENABLE_OBJC_WEAK = YES;
				CLANG_WARN_BLOCK_CAPTURE_AUTORELEASING = YES;
				CLANG_WARN_BOOL_CONVERSION = YES;
				CLANG_WARN_COMMA = YES;
				CLANG_WARN_CONSTANT_CONVERSION = YES;
				CLANG_WARN_DEPRECATED_OBJC_IMPLEMENTATIONS = YES;
				CLANG_WARN_DIRECT_OBJC_ISA_USAGE = YES_ERROR;
				CLANG_WARN_DOCUMENTATION_COMMENTS = YES;
				CLANG_WARN_EMPTY_BODY = YES;
				CLANG_WARN_ENUM_CONVERSION = YES;
				CLANG_WARN_INFINITE_RECURSION = YES;
				CLANG_WARN_INT_CONVERSION = YES;
				CLANG_WARN_NON_LITERAL_NULL_CONVERSION = YES;
				CLANG_WARN_OBJC_IMPLICIT_RETAIN_SELF = YES;
				CLANG_WARN_OBJC_LITERAL_CONVERSION = YES;
				CLANG_WARN_OBJC_ROOT_CLASS = YES_ERROR;
				CLANG_WARN_QUOTED_INCLUDE_IN_FRAMEWORK_HEADER = YES;
				CLANG_WARN_RANGE_LOOP_ANALYSIS = YES;
				CLANG_WARN_STRICT_PROTOTYPES = YES;
				CLANG_WARN_SUSPICIOUS_MOVE = YES;
				CLANG_WARN_UNGUARDED_AVAILABILITY = YES_AGGRESSIVE;
				CLANG_WARN_UNREACHABLE_CODE = YES;
				CLANG_WARN__DUPLICATE_METHOD_MATCH = YES;
				COPY_PHASE_STRIP = NO;
				DEBUG_INFORMATION_FORMAT = "dwarf-with-dsym";
				ENABLE_NS_ASSERTIONS = NO;
				ENABLE_STRICT_OBJC_MSGSEND = YES;
				GCC_C_LANGUAGE_STANDARD = gnu11;
				GCC_NO_COMMON_BLOCKS = YES;
				GCC_WARN_64_TO_32_BIT_CONVERSION = YES;
				GCC_WARN_ABOUT_RETURN_TYPE = YES_ERROR;
				GCC_WARN_UNDECLARED_SELECTOR = YES;
				GCC_WARN_UNINITIALIZED_AUTOS = YES_AGGRESSIVE;
				GCC_WARN_UNUSED_FUNCTION = YES;
				GCC_WARN_UNUSED_VARIABLE = YES;
				IPHONEOS_DEPLOYMENT_TARGET = 16.2;
				MTL_ENABLE_DEBUG_INFO = NO;
				MTL_FAST_MATH = YES;
				SDKROOT = iphoneos;
				SWIFT_COMPILATION_MODE = wholemodule;
				SWIFT_OPTIMIZATION_LEVEL = "-O";
				VALIDATE_PRODUCT = YES;
			};
			name = Release;
		};
		F06CB0972D2DB065008B3945 /* Debug */ = {
			isa = XCBuildConfiguration;
			buildSettings = {
				ASSETCATALOG_COMPILER_APPICON_NAME = AppIcon;
				ASSETCATALOG_COMPILER_GLOBAL_ACCENT_COLOR_NAME = AccentColor;
				CODE_SIGN_STYLE = Automatic;
				CURRENT_PROJECT_VERSION = 1;
				DEVELOPMENT_ASSET_PATHS = "\"Kollektiv/Preview Content\"";
				DEVELOPMENT_TEAM = 5VY299FSMN;
				ENABLE_PREVIEWS = YES;
				GENERATE_INFOPLIST_FILE = YES;
				INFOPLIST_KEY_UIApplicationSceneManifest_Generation = YES;
				INFOPLIST_KEY_UIApplicationSupportsIndirectInputEvents = YES;
				INFOPLIST_KEY_UILaunchScreen_Generation = YES;
				INFOPLIST_KEY_UISupportedInterfaceOrientations_iPad = "UIInterfaceOrientationPortrait UIInterfaceOrientationPortraitUpsideDown UIInterfaceOrientationLandscapeLeft UIInterfaceOrientationLandscapeRight";
				INFOPLIST_KEY_UISupportedInterfaceOrientations_iPhone = "UIInterfaceOrientationPortrait UIInterfaceOrientationLandscapeLeft UIInterfaceOrientationLandscapeRight";
				LD_RUNPATH_SEARCH_PATHS = (
					"$(inherited)",
					"@executable_path/Frameworks",
				);
				MARKETING_VERSION = 1.0;
				PRODUCT_BUNDLE_IDENTIFIER = evenskaaland.Kollektiv;
				PRODUCT_NAME = "$(TARGET_NAME)";
				SWIFT_EMIT_LOC_STRINGS = YES;
				SWIFT_VERSION = 5.0;
				TARGETED_DEVICE_FAMILY = "1,2";
			};
			name = Debug;
		};
		F06CB0982D2DB065008B3945 /* Release */ = {
			isa = XCBuildConfiguration;
			buildSettings = {
				ASSETCATALOG_COMPILER_APPICON_NAME = AppIcon;
				ASSETCATALOG_COMPILER_GLOBAL_ACCENT_COLOR_NAME = AccentColor;
				CODE_SIGN_STYLE = Automatic;
				CURRENT_PROJECT_VERSION = 1;
				DEVELOPMENT_ASSET_PATHS = "\"Kollektiv/Preview Content\"";
				DEVELOPMENT_TEAM = 5VY299FSMN;
				ENABLE_PREVIEWS = YES;
				GENERATE_INFOPLIST_FILE = YES;
				INFOPLIST_KEY_UIApplicationSceneManifest_Generation = YES;
				INFOPLIST_KEY_UIApplicationSupportsIndirectInputEvents = YES;
				INFOPLIST_KEY_UILaunchScreen_Generation = YES;
				INFOPLIST_KEY_UISupportedInterfaceOrientations_iPad = "UIInterfaceOrientationPortrait UIInterfaceOrientationPortraitUpsideDown UIInterfaceOrientationLandscapeLeft UIInterfaceOrientationLandscapeRight";
				INFOPLIST_KEY_UISupportedInterfaceOrientations_iPhone = "UIInterfaceOrientationPortrait UIInterfaceOrientationLandscapeLeft UIInterfaceOrientationLandscapeRight";
				LD_RUNPATH_SEARCH_PATHS = (
					"$(inherited)",
					"@executable_path/Frameworks",
				);
				MARKETING_VERSION = 1.0;
				PRODUCT_BUNDLE_IDENTIFIER = evenskaaland.Kollektiv;
				PRODUCT_NAME = "$(TARGET_NAME)";
				SWIFT_EMIT_LOC_STRINGS = YES;
				SWIFT_VERSION = 5.0;
				TARGETED_DEVICE_FAMILY = "1,2";
			};
			name = Release;
		};
		F06CB09A2D2DB065008B3945 /* Debug */ = {
			isa = XCBuildConfiguration;
			buildSettings = {
				ALWAYS_EMBED_SWIFT_STANDARD_LIBRARIES = YES;
				BUNDLE_LOADER = "$(TEST_HOST)";
				CODE_SIGN_STYLE = Automatic;
				CURRENT_PROJECT_VERSION = 1;
				DEVELOPMENT_TEAM = 5VY299FSMN;
				GENERATE_INFOPLIST_FILE = YES;
				IPHONEOS_DEPLOYMENT_TARGET = 16.2;
				MARKETING_VERSION = 1.0;
				PRODUCT_BUNDLE_IDENTIFIER = evenskaaland.KollektivTests;
				PRODUCT_NAME = "$(TARGET_NAME)";
				SWIFT_EMIT_LOC_STRINGS = NO;
				SWIFT_VERSION = 5.0;
				TARGETED_DEVICE_FAMILY = "1,2";
				TEST_HOST = "$(BUILT_PRODUCTS_DIR)/Kollektiv.app/$(BUNDLE_EXECUTABLE_FOLDER_PATH)/Kollektiv";
			};
			name = Debug;
		};
		F06CB09B2D2DB065008B3945 /* Release */ = {
			isa = XCBuildConfiguration;
			buildSettings = {
				ALWAYS_EMBED_SWIFT_STANDARD_LIBRARIES = YES;
				BUNDLE_LOADER = "$(TEST_HOST)";
				CODE_SIGN_STYLE = Automatic;
				CURRENT_PROJECT_VERSION = 1;
				DEVELOPMENT_TEAM = 5VY299FSMN;
				GENERATE_INFOPLIST_FILE = YES;
				IPHONEOS_DEPLOYMENT_TARGET = 16.2;
				MARKETING_VERSION = 1.0;
				PRODUCT_BUNDLE_IDENTIFIER = evenskaaland.KollektivTests;
				PRODUCT_NAME = "$(TARGET_NAME)";
				SWIFT_EMIT_LOC_STRINGS = NO;
				SWIFT_VERSION = 5.0;
				TARGETED_DEVICE_FAMILY = "1,2";
				TEST_HOST = "$(BUILT_PRODUCTS_DIR)/Kollektiv.app/$(BUNDLE_EXECUTABLE_FOLDER_PATH)/Kollektiv";
			};
			name = Release;
		};
		F06CB09D2D2DB065008B3945 /* Debug */ = {
			isa = XCBuildConfiguration;
			buildSettings = {
				ALWAYS_EMBED_SWIFT_STANDARD_LIBRARIES = YES;
				CODE_SIGN_STYLE = Automatic;
				CURRENT_PROJECT_VERSION = 1;
				DEVELOPMENT_TEAM = 5VY299FSMN;
				GENERATE_INFOPLIST_FILE = YES;
				MARKETING_VERSION = 1.0;
				PRODUCT_BUNDLE_IDENTIFIER = evenskaaland.KollektivUITests;
				PRODUCT_NAME = "$(TARGET_NAME)";
				SWIFT_EMIT_LOC_STRINGS = NO;
				SWIFT_VERSION = 5.0;
				TARGETED_DEVICE_FAMILY = "1,2";
				TEST_TARGET_NAME = Kollektiv;
			};
			name = Debug;
		};
		F06CB09E2D2DB065008B3945 /* Release */ = {
			isa = XCBuildConfiguration;
			buildSettings = {
				ALWAYS_EMBED_SWIFT_STANDARD_LIBRARIES = YES;
				CODE_SIGN_STYLE = Automatic;
				CURRENT_PROJECT_VERSION = 1;
				DEVELOPMENT_TEAM = 5VY299FSMN;
				GENERATE_INFOPLIST_FILE = YES;
				MARKETING_VERSION = 1.0;
				PRODUCT_BUNDLE_IDENTIFIER = evenskaaland.KollektivUITests;
				PRODUCT_NAME = "$(TARGET_NAME)";
				SWIFT_EMIT_LOC_STRINGS = NO;
				SWIFT_VERSION = 5.0;
				TARGETED_DEVICE_FAMILY = "1,2";
				TEST_TARGET_NAME = Kollektiv;
			};
			name = Release;
		};
/* End XCBuildConfiguration section */

/* Begin XCConfigurationList section */
		F06CB06D2D2DB062008B3945 /* Build configuration list for PBXProject "Kollektiv" */ = {
			isa = XCConfigurationList;
			buildConfigurations = (
				F06CB0942D2DB065008B3945 /* Debug */,
				F06CB0952D2DB065008B3945 /* Release */,
			);
			defaultConfigurationIsVisible = 0;
			defaultConfigurationName = Release;
		};
		F06CB0962D2DB065008B3945 /* Build configuration list for PBXNativeTarget "Kollektiv" */ = {
			isa = XCConfigurationList;
			buildConfigurations = (
				F06CB0972D2DB065008B3945 /* Debug */,
				F06CB0982D2DB065008B3945 /* Release */,
			);
			defaultConfigurationIsVisible = 0;
			defaultConfigurationName = Release;
		};
		F06CB0992D2DB065008B3945 /* Build configuration list for PBXNativeTarget "KollektivTests" */ = {
			isa = XCConfigurationList;
			buildConfigurations = (
				F06CB09A2D2DB065008B3945 /* Debug */,
				F06CB09B2D2DB065008B3945 /* Release */,
			);
			defaultConfigurationIsVisible = 0;
			defaultConfigurationName = Release;
		};
		F06CB09C2D2DB065008B3945 /* Build configuration list for PBXNativeTarget "KollektivUITests" */ = {
			isa = XCConfigurationList;
			buildConfigurations = (
				F06CB09D2D2DB065008B3945 /* Debug */,
				F06CB09E2D2DB065008B3945 /* Release */,
			);
			defaultConfigurationIsVisible = 0;
			defaultConfigurationName = Release;
		};
/* End XCConfigurationList section */
	};
	rootObject = F06CB06A2D2DB062008B3945 /* Project object */;
}
